{
  "name": "json-duplicate-key-handle",
  "version": "1.0.0",
  "lockfileVersion": 3,
  "requires": true,
  "packages": {
    "": {
      "name": "json-duplicate-key-handle",
      "version": "1.0.0",
      "license": "MIT",
      "dependencies": {
        "backslash": "^0.2.0"
      }
    },
    "node_modules/backslash": {
      "version": "0.2.2",
      "resolved": "https://registry.npmjs.org/backslash/-/backslash-0.2.2.tgz",
      "integrity": "sha512-PKRYPE2LLTtNUYz1dszquxKSBs6XyLyJRHgFpY5rlq7y3DscDx239k5Gm+zenoY47OU4CApan1o0k2R8ptZC1Q=="
    }
  }
}
